#
# This file is autogenerated by pip-compile with Python 3.11
# by the following command:
#
#    pip-compile --extra=dev --output-file=requirements.lock pyproject.toml
#
--index-url https://pypi.tuna.tsinghua.edu.cn/simple
--trusted-host pypi.tuna.tsinghua.edu.cn

akshare==1.18.79
    # via yunhe (pyproject.toml)
annotated-doc==0.0.4
    # via
    #   fastapi
    #   typer
annotated-types==0.7.0
    # via pydantic
anyio==4.14.2
    # via
    #   httpx
    #   openai
    #   starlette
    #   watchfiles
ast-serialize==0.6.0
    # via mypy
bandit==1.9.4
    # via yunhe (pyproject.toml)
bcrypt==5.0.0
    # via yunhe (pyproject.toml)
beautifulsoup4==4.15.0
    # via yunhe (pyproject.toml)
boolean-py==5.0
    # via license-expression
cffi==2.1.0
    # via
    #   cryptography
    #   mini-racer
cachecontrol[filecache]==0.14.4
    # via pip-audit
certifi==2026.6.17
    # via
    #   httpcore
    #   httpx
    #   requests
charset-normalizer==3.4.9
    # via requests
click==8.4.2
    # via uvicorn
colorama==0.4.6
    # via
    #   bandit
    #   click
    #   pytest
    #   tqdm
    #   typer
coverage[toml]==7.15.2
    # via pytest-cov
curl-cffi==0.15.0
    # via akshare
cyclonedx-python-lib==11.11.0
    # via pip-audit
decorator==5.3.1
    # via pandas
defusedxml==0.7.1
    # via py-serializable
distro==1.9.0
    # via openai
et-xmlfile==2.0.0
    # via openpyxl
fastapi==0.139.2
    # via yunhe (pyproject.toml)
filelock==3.31.0
    # via cachecontrol
h11==0.16.0
    # via
    #   httpcore
    #   uvicorn
html5lib==1.1
    # via akshare
httpcore==1.0.9
    # via httpx
httptools==0.8.0
    # via uvicorn
httpx==0.28.1
    # via
    #   yunhe (pyproject.toml)
    #   openai
idna==3.18
    # via
    #   anyio
    #   httpx
    #   requests
iniconfig==2.3.0
    # via pytest
jiter==0.16.0
    # via openai
jsonpath==0.82.2
    # via akshare
librt==0.13.0
    # via mypy
license-expression==30.4.4
    # via cyclonedx-python-lib
lxml==6.1.1
    # via akshare
markdown-it-py==4.2.0
    # via rich
mdurl==0.1.2
    # via markdown-it-py
mini-racer==0.14.1
    # via akshare
msgpack==1.2.1
    # via cachecontrol
mypy==2.3.0
    # via yunhe (pyproject.toml)
mypy-extensions==1.1.0
    # via mypy
numpy==2.5.1
    # via
    #   akshare
    #   pandas
openai==2.46.0
    # via yunhe (pyproject.toml)
openpyxl==3.1.5
    # via akshare
packageurl-python==0.17.6
    # via cyclonedx-python-lib
packaging==26.2
    # via
    #   pip-audit
    #   pip-requirements-parser
    #   pytest
pandas==3.0.5
    # via akshare
pathspec==1.1.1
    # via mypy
pillow==12.3.0
    # via yunhe (pyproject.toml)
pip-api==0.0.34
    # via pip-audit
pip-audit==2.10.1
    # via yunhe (pyproject.toml)
pip-requirements-parser==32.0.1
    # via pip-audit
platformdirs==4.10.1
    # via pip-audit
pluggy==1.6.0
    # via
    #   pytest
    #   pytest-cov
prometheus-client==0.25.0
    # via yunhe (pyproject.toml)
py-serializable==2.1.0
    # via cyclonedx-python-lib
pydantic==2.13.4
    # via
    #   yunhe (pyproject.toml)
    #   fastapi
    #   openai
    #   pydantic-settings
pydantic-core==2.46.4
    # via pydantic
pydantic-settings==2.14.2
    # via yunhe (pyproject.toml)
pygments==2.20.0
    # via
    #   pytest
    #   rich
pyparsing==3.3.2
    # via pip-requirements-parser
pytest==9.1.1
    # via
    #   yunhe (pyproject.toml)
    #   pytest-asyncio
    #   pytest-cov
pytest-asyncio==1.4.0
    # via yunhe (pyproject.toml)
pytest-cov==7.1.0
    # via yunhe (pyproject.toml)
python-dateutil==2.9.0.post0
    # via
    #   akshare
    #   pandas
python-dotenv==1.2.2
    # via
    #   yunhe (pyproject.toml)
    #   pydantic-settings
    #   uvicorn
python-multipart==0.0.32
    # via yunhe (pyproject.toml)
pyyaml==6.0.3
    # via
    #   bandit
    #   yunhe (pyproject.toml)
    #   uvicorn
redis==8.0.1
    # via yunhe (pyproject.toml)
requests==2.34.2
    # via
    #   cachecontrol
    #   pip-audit
rich==15.0.0
    # via
    #   bandit
    #   yunhe (pyproject.toml)
    #   pip-audit
    #   typer
ruff==0.15.22
    # via yunhe (pyproject.toml)
shellingham==1.5.4
    # via typer
six==1.17.0
    # via
    #   akshare
    #   python-dateutil
sniffio==1.3.1
    # via openai
sortedcontainers==2.4.0
    # via cyclonedx-python-lib
soupsieve==2.8.4
    # via beautifulsoup4
starlette==1.3.1
    # via fastapi
stevedore==5.9.0
    # via bandit
tabulate==0.10.0
    # via akshare
tomli==2.4.1
    # via pip-audit
tomli-w==1.2.0
    # via pip-audit
tqdm==4.69.0
    # via
    #   akshare
    #   openai
typer==0.27.0
    # via yunhe (pyproject.toml)
typing-extensions==4.16.0
    # via
    #   anyio
    #   beautifulsoup4
    #   cyclonedx-python-lib
    #   fastapi
    #   mypy
    #   openai
    #   pydantic
    #   pydantic-core
    #   pytest-asyncio
    #   starlette
    #   typing-inspection
typing-inspection==0.4.2
    # via
    #   fastapi
    #   pydantic
    #   pydantic-settings
tzdata==2026.3
    # via pandas
urllib3==2.7.0
    # via requests
uvicorn[standard]==0.51.0
    # via yunhe (pyproject.toml)
watchfiles==1.2.0
    # via uvicorn
webencodings==0.5.1
    # via html5lib
websockets==16.1.1
    # via uvicorn
xlrd==2.0.2
    # via akshare

# The following packages are considered to be unsafe in a requirements file:
# pip
